
Microsoft Visual Studio Solution File, Format Version 12.00
# Visual Studio Version 17
VisualStudioVersion = 17.0.31903.59
MinimumVisualStudioVersion = 10.0.40219.1
Project("{FAE04EC0-301F-11D3-BF4B-00C04F79EFBC}") = "LoopRecursion.App", "LoopRecursion.App\LoopRecursion.App.csproj", "{5BB66C7B-B5F7-45B9-90E5-B2721E641708}"
EndProject
Project("{FAE04EC0-301F-11D3-BF4B-00C04F79EFBC}") = "LoopRecursion.Tests", "LoopRecursion.Tests\LoopRecursion.Tests.csproj", "{FF111F5E-18E0-49F3-9AD1-CA6B4024A7B1}"
EndProject
Global
	GlobalSection(SolutionConfigurationPlatforms) = preSolution
		Debug|Any CPU = Debug|Any CPU
		Release|Any CPU = Release|Any CPU
	EndGlobalSection
	GlobalSection(SolutionProperties) = preSolution
		HideSolutionNode = FALSE
	EndGlobalSection
	GlobalSection(ProjectConfigurationPlatforms) = postSolution
		{5BB66C7B-B5F7-45B9-90E5-B2721E641708}.Debug|Any CPU.ActiveCfg = Debug|Any CPU
		{5BB66C7B-B5F7-45B9-90E5-B2721E641708}.Debug|Any CPU.Build.0 = Debug|Any CPU
		{5BB66C7B-B5F7-45B9-90E5-B2721E641708}.Release|Any CPU.ActiveCfg = Release|Any CPU
		{5BB66C7B-B5F7-45B9-90E5-B2721E641708}.Release|Any CPU.Build.0 = Release|Any CPU
		{FF111F5E-18E0-49F3-9AD1-CA6B4024A7B1}.Debug|Any CPU.ActiveCfg = Debug|Any CPU
		{FF111F5E-18E0-49F3-9AD1-CA6B4024A7B1}.Debug|Any CPU.Build.0 = Debug|Any CPU
		{FF111F5E-18E0-49F3-9AD1-CA6B4024A7B1}.Release|Any CPU.ActiveCfg = Release|Any CPU
		{FF111F5E-18E0-49F3-9AD1-CA6B4024A7B1}.Release|Any CPU.Build.0 = Release|Any CPU
	EndGlobalSection
EndGlobal
