
Microsoft Visual Studio Solution File, Format Version 12.00
# Visual Studio Version 17
VisualStudioVersion = 17.0.31903.59
MinimumVisualStudioVersion = 10.0.40219.1
Project("{FAE04EC0-301F-11D3-BF4B-00C04F79EFBC}") = "TopExt.App", "TopExt.App\TopExt.App.csproj", "{E1360082-EA92-4774-8AB3-FCE3C1169C81}"
EndProject
Project("{FAE04EC0-301F-11D3-BF4B-00C04F79EFBC}") = "TopExt.Tests", "TopExt.Tests\TopExt.Tests.csproj", "{DFA800A6-1721-4F48-84D8-69EE1B811B5A}"
EndProject
Global
	GlobalSection(SolutionConfigurationPlatforms) = preSolution
		Debug|Any CPU = Debug|Any CPU
		Release|Any CPU = Release|Any CPU
	EndGlobalSection
	GlobalSection(SolutionProperties) = preSolution
		HideSolutionNode = FALSE
	EndGlobalSection
	GlobalSection(ProjectConfigurationPlatforms) = postSolution
		{E1360082-EA92-4774-8AB3-FCE3C1169C81}.Debug|Any CPU.ActiveCfg = Debug|Any CPU
		{E1360082-EA92-4774-8AB3-FCE3C1169C81}.Debug|Any CPU.Build.0 = Debug|Any CPU
		{E1360082-EA92-4774-8AB3-FCE3C1169C81}.Release|Any CPU.ActiveCfg = Release|Any CPU
		{E1360082-EA92-4774-8AB3-FCE3C1169C81}.Release|Any CPU.Build.0 = Release|Any CPU
		{DFA800A6-1721-4F48-84D8-69EE1B811B5A}.Debug|Any CPU.ActiveCfg = Debug|Any CPU
		{DFA800A6-1721-4F48-84D8-69EE1B811B5A}.Debug|Any CPU.Build.0 = Debug|Any CPU
		{DFA800A6-1721-4F48-84D8-69EE1B811B5A}.Release|Any CPU.ActiveCfg = Release|Any CPU
		{DFA800A6-1721-4F48-84D8-69EE1B811B5A}.Release|Any CPU.Build.0 = Release|Any CPU
	EndGlobalSection
EndGlobal
